
Microsoft Visual Studio Solution File, Format Version 12.00
# Visual Studio Version 16
VisualStudioVersion = 16.0.31515.178
MinimumVisualStudioVersion = 10.0.40219.1
Project("{FAE04EC0-301F-11D3-BF4B-00C04F79EFBC}") = "Rand List thingy", "Rand List thingy\Rand List thingy.csproj", "{867E9E9A-093F-4C2F-BE65-6A82FBAF069D}"
EndProject
Global
	GlobalSection(SolutionConfigurationPlatforms) = preSolution
		Debug|Any CPU = Debug|Any CPU
		Release|Any CPU = Release|Any CPU
	EndGlobalSection
	GlobalSection(ProjectConfigurationPlatforms) = postSolution
		{867E9E9A-093F-4C2F-BE65-6A82FBAF069D}.Debug|Any CPU.ActiveCfg = Debug|Any CPU
		{867E9E9A-093F-4C2F-BE65-6A82FBAF069D}.Debug|Any CPU.Build.0 = Debug|Any CPU
		{867E9E9A-093F-4C2F-BE65-6A82FBAF069D}.Release|Any CPU.ActiveCfg = Release|Any CPU
		{867E9E9A-093F-4C2F-BE65-6A82FBAF069D}.Release|Any CPU.Build.0 = Release|Any CPU
	EndGlobalSection
	GlobalSection(SolutionProperties) = preSolution
		HideSolutionNode = FALSE
	EndGlobalSection
	GlobalSection(ExtensibilityGlobals) = postSolution
		SolutionGuid = {59180FC1-EF98-4CC7-9DCD-FE2BC905AD6D}
	EndGlobalSection
EndGlobal
